
Microsoft Visual Studio Solution File, Format Version 12.00
# Visual Studio Version 17
VisualStudioVersion = 17.3.32901.215
MinimumVisualStudioVersion = 10.0.40219.1
Project("{FAE04EC0-301F-11D3-BF4B-00C04F79EFBC}") = "SpecFlowSelenium", "SpecFlowSelenium\SpecFlowSelenium.csproj", "{AA3FF17E-BD43-4748-9AF2-717623D8E6B6}"
EndProject
Global
	GlobalSection(SolutionConfigurationPlatforms) = preSolution
		Debug|Any CPU = Debug|Any CPU
		Release|Any CPU = Release|Any CPU
	EndGlobalSection
	GlobalSection(ProjectConfigurationPlatforms) = postSolution
		{AA3FF17E-BD43-4748-9AF2-717623D8E6B6}.Debug|Any CPU.ActiveCfg = Debug|Any CPU
		{AA3FF17E-BD43-4748-9AF2-717623D8E6B6}.Debug|Any CPU.Build.0 = Debug|Any CPU
		{AA3FF17E-BD43-4748-9AF2-717623D8E6B6}.Release|Any CPU.ActiveCfg = Release|Any CPU
		{AA3FF17E-BD43-4748-9AF2-717623D8E6B6}.Release|Any CPU.Build.0 = Release|Any CPU
	EndGlobalSection
	GlobalSection(SolutionProperties) = preSolution
		HideSolutionNode = FALSE
	EndGlobalSection
	GlobalSection(ExtensibilityGlobals) = postSolution
		SolutionGuid = {72A46F0D-C8D1-42A6-96DA-07D5CA8DEAE3}
	EndGlobalSection
EndGlobal
